
Microsoft Visual Studio Solution File, Format Version 12.00
# Visual Studio Version 16
VisualStudioVersion = 16.0.30204.135
MinimumVisualStudioVersion = 10.0.40219.1
Project("{FAE04EC0-301F-11D3-BF4B-00C04F79EFBC}") = "CodeBlogMap", "CodeBlogMap.csproj", "{56560147-E224-455B-B66B-DC68BE7CBC2C}"
EndProject
Global
	GlobalSection(SolutionConfigurationPlatforms) = preSolution
		Debug|Any CPU = Debug|Any CPU
		Release|Any CPU = Release|Any CPU
	EndGlobalSection
	GlobalSection(ProjectConfigurationPlatforms) = postSolution
		{56560147-E224-455B-B66B-DC68BE7CBC2C}.Debug|Any CPU.ActiveCfg = Debug|Any CPU
		{56560147-E224-455B-B66B-DC68BE7CBC2C}.Debug|Any CPU.Build.0 = Debug|Any CPU
		{56560147-E224-455B-B66B-DC68BE7CBC2C}.Release|Any CPU.ActiveCfg = Release|Any CPU
		{56560147-E224-455B-B66B-DC68BE7CBC2C}.Release|Any CPU.Build.0 = Release|Any CPU
	EndGlobalSection
	GlobalSection(SolutionProperties) = preSolution
		HideSolutionNode = FALSE
	EndGlobalSection
	GlobalSection(ExtensibilityGlobals) = postSolution
		SolutionGuid = {7C16552C-D78B-4DC1-B557-2091F69722A3}
	EndGlobalSection
EndGlobal
